
Microsoft Visual Studio Solution File, Format Version 12.00
# Visual Studio Version 17
VisualStudioVersion = 17.5.002.0
MinimumVisualStudioVersion = 10.0.40219.1
Project("{9A19103F-16F7-4668-BE54-9A1E7A4F7556}") = "COPADS 4:10:25", "COPADS 4:10:25.csproj", "{217178D8-7200-4D89-949D-89861DA5E28B}"
EndProject
Global
	GlobalSection(SolutionConfigurationPlatforms) = preSolution
		Debug|Any CPU = Debug|Any CPU
		Release|Any CPU = Release|Any CPU
	EndGlobalSection
	GlobalSection(ProjectConfigurationPlatforms) = postSolution
		{217178D8-7200-4D89-949D-89861DA5E28B}.Debug|Any CPU.ActiveCfg = Debug|Any CPU
		{217178D8-7200-4D89-949D-89861DA5E28B}.Debug|Any CPU.Build.0 = Debug|Any CPU
		{217178D8-7200-4D89-949D-89861DA5E28B}.Release|Any CPU.ActiveCfg = Release|Any CPU
		{217178D8-7200-4D89-949D-89861DA5E28B}.Release|Any CPU.Build.0 = Release|Any CPU
	EndGlobalSection
	GlobalSection(SolutionProperties) = preSolution
		HideSolutionNode = FALSE
	EndGlobalSection
	GlobalSection(ExtensibilityGlobals) = postSolution
		SolutionGuid = {C4AABC87-DA8B-49B0-BF0F-EB70FABA5746}
	EndGlobalSection
EndGlobal
